// !$*UTF8*$!
{
	archiveVersion = 1;
	classes = {
	};
	objectVersion = 77;
	objects = {

/* Begin PBXBuildFile section */
		7F6F8B432E9D27850046FA0E /* Auth in Frameworks */ = {isa = PBXBuildFile; productRef = 7F6F8B422E9D27850046FA0E /* Auth */; };
		7F6F8B452E9D27850046FA0E /* Supabase in Frameworks */ = {isa = PBXBuildFile; productRef = 7F6F8B442E9D27850046FA0E /* Supabase */; };
		7F6F8B482E9D279B0046FA0E /* WeaveDI in Frameworks */ = {isa = PBXBuildFile; productRef = 7F6F8B472E9D279B0046FA0E /* WeaveDI */; };
		F24B91D52E9D1A5800EF7944 /* ComposableArchitecture in Frameworks */ = {isa = PBXBuildFile; productRef = F24B91D42E9D1A5800EF7944 /* ComposableArchitecture */; };
		F24B91D82E9D1A8B00EF7944 /* TCACoordinators in Frameworks */ = {isa = PBXBuildFile; productRef = F24B91D72E9D1A8B00EF7944 /* TCACoordinators */; };
/* End PBXBuildFile section */

/* Begin PBXContainerItemProxy section */
		F24B8FF82E9D0D2B00EF7944 /* PBXContainerItemProxy */ = {
			isa = PBXContainerItemProxy;
			containerPortal = F24B8FE22E9D0D2900EF7944 /* Project object */;
			proxyType = 1;
			remoteGlobalIDString = F24B8FE92E9D0D2900EF7944;
			remoteInfo = MovieBooking;
		};
		F24B90022E9D0D2C00EF7944 /* PBXContainerItemProxy */ = {
			isa = PBXContainerItemProxy;
			containerPortal = F24B8FE22E9D0D2900EF7944 /* Project object */;
			proxyType = 1;
			remoteGlobalIDString = F24B8FE92E9D0D2900EF7944;
			remoteInfo = MovieBooking;
		};
/* End PBXContainerItemProxy section */

/* Begin PBXFileReference section */
		F24B8FEA2E9D0D2900EF7944 /* MovieBooking.app */ = {isa = PBXFileReference; explicitFileType = wrapper.application; includeInIndex = 0; path = MovieBooking.app; sourceTree = BUILT_PRODUCTS_DIR; };
		F24B8FF72E9D0D2B00EF7944 /* MovieBookingTests.xctest */ = {isa = PBXFileReference; explicitFileType = wrapper.cfbundle; includeInIndex = 0; path = MovieBookingTests.xctest; sourceTree = BUILT_PRODUCTS_DIR; };
		F24B90012E9D0D2C00EF7944 /* MovieBookingUITests.xctest */ = {isa = PBXFileReference; explicitFileType = wrapper.cfbundle; includeInIndex = 0; path = MovieBookingUITests.xctest; sourceTree = BUILT_PRODUCTS_DIR; };
/* End PBXFileReference section */

/* Begin PBXFileSystemSynchronizedBuildFileExceptionSet section */
		7F6F8C092E9DCCD60046FA0E /* Exceptions for "MovieBooking" folder in "MovieBooking" target */ = {
			isa = PBXFileSystemSynchronizedBuildFileExceptionSet;
			membershipExceptions = (
				Resources/Info.plist,
			);
			target = F24B8FE92E9D0D2900EF7944 /* MovieBooking */;
		};
		C834FADB2E9DF8F700834FDC /* Exceptions for "MovieBooking" folder in "MovieBookingTests" target */ = {
			isa = PBXFileSystemSynchronizedBuildFileExceptionSet;
			membershipExceptions = (
				Data/DataSources/APIConfiguration.swift,
				Data/DataSources/MovieDataSource.swift,
				Data/DTO/Response/MovieDetailResponseDTO.swift,
				Domain/Entity/Error/Movie/MovieDetailError.swift,
				Feature/MovieDetail/MovieDetailFeature.swift,
				NetworkService/Core/ContentType.swift,
				NetworkService/Core/HTTPHeader.swift,
				NetworkService/Core/HTTPHeaders.swift,
				NetworkService/Core/HTTPMethod.swift,
				NetworkService/Core/RequestParameter.swift,
				NetworkService/Core/TargetType.swift,
				NetworkService/Core/URLRequestConvertible.swift,
				NetworkService/Error/NetworkError.swift,
				NetworkService/Monitoring/NetworkEventMonitor.swift,
				NetworkService/Monitoring/NetworkLogger.swift,
				NetworkService/Provider/Provider.swift,
			);
			target = F24B8FF62E9D0D2B00EF7944 /* MovieBookingTests */;
		};
/* End PBXFileSystemSynchronizedBuildFileExceptionSet section */

/* Begin PBXFileSystemSynchronizedRootGroup section */
		F24B8FEC2E9D0D2900EF7944 /* MovieBooking */ = {
			isa = PBXFileSystemSynchronizedRootGroup;
			exceptions = (
				7F6F8C092E9DCCD60046FA0E /* Exceptions for "MovieBooking" folder in "MovieBooking" target */,
				C834FADB2E9DF8F700834FDC /* Exceptions for "MovieBooking" folder in "MovieBookingTests" target */,
			);
			path = MovieBooking;
			sourceTree = "<group>";
		};
		F24B8FFA2E9D0D2B00EF7944 /* MovieBookingTests */ = {
			isa = PBXFileSystemSynchronizedRootGroup;
			path = MovieBookingTests;
			sourceTree = "<group>";
		};
		F24B90042E9D0D2C00EF7944 /* MovieBookingUITests */ = {
			isa = PBXFileSystemSynchronizedRootGroup;
			path = MovieBookingUITests;
			sourceTree = "<group>";
		};
/* End PBXFileSystemSynchronizedRootGroup section */

/* Begin PBXFrameworksBuildPhase section */
		F24B8FE72E9D0D2900EF7944 /* Frameworks */ = {
			isa = PBXFrameworksBuildPhase;
			buildActionMask = 2147483647;
			files = (
				7F6F8B452E9D27850046FA0E /* Supabase in Frameworks */,
				7F6F8B482E9D279B0046FA0E /* WeaveDI in Frameworks */,
				F24B91D82E9D1A8B00EF7944 /* TCACoordinators in Frameworks */,
				F24B91D52E9D1A5800EF7944 /* ComposableArchitecture in Frameworks */,
				7F6F8B432E9D27850046FA0E /* Auth in Frameworks */,
			);
			runOnlyForDeploymentPostprocessing = 0;
		};
		F24B8FF42E9D0D2B00EF7944 /* Frameworks */ = {
			isa = PBXFrameworksBuildPhase;
			buildActionMask = 2147483647;
			files = (
			);
			runOnlyForDeploymentPostprocessing = 0;
		};
		F24B8FFE2E9D0D2C00EF7944 /* Frameworks */ = {
			isa = PBXFrameworksBuildPhase;
			buildActionMask = 2147483647;
			files = (
			);
			runOnlyForDeploymentPostprocessing = 0;
		};
/* End PBXFrameworksBuildPhase section */

/* Begin PBXGroup section */
		F24B8FE12E9D0D2900EF7944 = {
			isa = PBXGroup;
			children = (
				F24B8FEC2E9D0D2900EF7944 /* MovieBooking */,
				F24B8FFA2E9D0D2B00EF7944 /* MovieBookingTests */,
				F24B90042E9D0D2C00EF7944 /* MovieBookingUITests */,
				F24B8FEB2E9D0D2900EF7944 /* Products */,
			);
			sourceTree = "<group>";
		};
		F24B8FEB2E9D0D2900EF7944 /* Products */ = {
			isa = PBXGroup;
			children = (
				F24B8FEA2E9D0D2900EF7944 /* MovieBooking.app */,
				F24B8FF72E9D0D2B00EF7944 /* MovieBookingTests.xctest */,
				F24B90012E9D0D2C00EF7944 /* MovieBookingUITests.xctest */,
			);
			name = Products;
			sourceTree = "<group>";
		};
/* End PBXGroup section */

/* Begin PBXNativeTarget section */
		F24B8FE92E9D0D2900EF7944 /* MovieBooking */ = {
			isa = PBXNativeTarget;
			buildConfigurationList = F24B900B2E9D0D2C00EF7944 /* Build configuration list for PBXNativeTarget "MovieBooking" */;
			buildPhases = (
				F24B8FE62E9D0D2900EF7944 /* Sources */,
				F24B8FE72E9D0D2900EF7944 /* Frameworks */,
				F24B8FE82E9D0D2900EF7944 /* Resources */,
			);
			buildRules = (
			);
			dependencies = (
			);
			fileSystemSynchronizedGroups = (
				F24B8FEC2E9D0D2900EF7944 /* MovieBooking */,
			);
			name = MovieBooking;
			packageProductDependencies = (
				F24B91D42E9D1A5800EF7944 /* ComposableArchitecture */,
				F24B91D72E9D1A8B00EF7944 /* TCACoordinators */,
				7F6F8B422E9D27850046FA0E /* Auth */,
				7F6F8B442E9D27850046FA0E /* Supabase */,
				7F6F8B472E9D279B0046FA0E /* WeaveDI */,
			);
			productName = MovieBooking;
			productReference = F24B8FEA2E9D0D2900EF7944 /* MovieBooking.app */;
			productType = "com.apple.product-type.application";
		};
		F24B8FF62E9D0D2B00EF7944 /* MovieBookingTests */ = {
			isa = PBXNativeTarget;
			buildConfigurationList = F24B900E2E9D0D2C00EF7944 /* Build configuration list for PBXNativeTarget "MovieBookingTests" */;
			buildPhases = (
				F24B8FF32E9D0D2B00EF7944 /* Sources */,
				F24B8FF42E9D0D2B00EF7944 /* Frameworks */,
				F24B8FF52E9D0D2B00EF7944 /* Resources */,
			);
			buildRules = (
			);
			dependencies = (
				F24B8FF92E9D0D2B00EF7944 /* PBXTargetDependency */,
			);
			fileSystemSynchronizedGroups = (
				F24B8FFA2E9D0D2B00EF7944 /* MovieBookingTests */,
			);
			name = MovieBookingTests;
			packageProductDependencies = (
			);
			productName = MovieBookingTests;
			productReference = F24B8FF72E9D0D2B00EF7944 /* MovieBookingTests.xctest */;
			productType = "com.apple.product-type.bundle.unit-test";
		};
		F24B90002E9D0D2C00EF7944 /* MovieBookingUITests */ = {
			isa = PBXNativeTarget;
			buildConfigurationList = F24B90112E9D0D2C00EF7944 /* Build configuration list for PBXNativeTarget "MovieBookingUITests" */;
			buildPhases = (
				F24B8FFD2E9D0D2C00EF7944 /* Sources */,
				F24B8FFE2E9D0D2C00EF7944 /* Frameworks */,
				F24B8FFF2E9D0D2C00EF7944 /* Resources */,
			);
			buildRules = (
			);
			dependencies = (
				F24B90032E9D0D2C00EF7944 /* PBXTargetDependency */,
			);
			fileSystemSynchronizedGroups = (
				F24B90042E9D0D2C00EF7944 /* MovieBookingUITests */,
			);
			name = MovieBookingUITests;
			packageProductDependencies = (
			);
			productName = MovieBookingUITests;
			productReference = F24B90012E9D0D2C00EF7944 /* MovieBookingUITests.xctest */;
			productType = "com.apple.product-type.bundle.ui-testing";
		};
/* End PBXNativeTarget section */

/* Begin PBXProject section */
		F24B8FE22E9D0D2900EF7944 /* Project object */ = {
			isa = PBXProject;
			attributes = {
				BuildIndependentTargetsInParallel = 1;
				LastSwiftUpdateCheck = 2600;
				LastUpgradeCheck = 2600;
				TargetAttributes = {
					F24B8FE92E9D0D2900EF7944 = {
						CreatedOnToolsVersion = 26.0;
					};
					F24B8FF62E9D0D2B00EF7944 = {
						CreatedOnToolsVersion = 26.0;
						TestTargetID = F24B8FE92E9D0D2900EF7944;
					};
					F24B90002E9D0D2C00EF7944 = {
						CreatedOnToolsVersion = 26.0;
						TestTargetID = F24B8FE92E9D0D2900EF7944;
					};
				};
			};
			buildConfigurationList = F24B8FE52E9D0D2900EF7944 /* Build configuration list for PBXProject "MovieBooking" */;
			developmentRegion = en;
			hasScannedForEncodings = 0;
			knownRegions = (
				en,
				Base,
			);
			mainGroup = F24B8FE12E9D0D2900EF7944;
			minimizedProjectReferenceProxies = 1;
			packageReferences = (
				F24B91D32E9D1A5800EF7944 /* XCRemoteSwiftPackageReference "swift-composable-architecture" */,
				F24B91D62E9D1A8B00EF7944 /* XCRemoteSwiftPackageReference "TCACoordinators" */,
				7F6F8B412E9D27850046FA0E /* XCRemoteSwiftPackageReference "supabase-swift" */,
				7F6F8B462E9D279B0046FA0E /* XCRemoteSwiftPackageReference "WeaveDI" */,
			);
			preferredProjectObjectVersion = 77;
			productRefGroup = F24B8FEB2E9D0D2900EF7944 /* Products */;
			projectDirPath = "";
			projectRoot = "";
			targets = (
				F24B8FE92E9D0D2900EF7944 /* MovieBooking */,
				F24B8FF62E9D0D2B00EF7944 /* MovieBookingTests */,
				F24B90002E9D0D2C00EF7944 /* MovieBookingUITests */,
			);
		};
/* End PBXProject section */

/* Begin PBXResourcesBuildPhase section */
		F24B8FE82E9D0D2900EF7944 /* Resources */ = {
			isa = PBXResourcesBuildPhase;
			buildActionMask = 2147483647;
			files = (
			);
			runOnlyForDeploymentPostprocessing = 0;
		};
		F24B8FF52E9D0D2B00EF7944 /* Resources */ = {
			isa = PBXResourcesBuildPhase;
			buildActionMask = 2147483647;
			files = (
			);
			runOnlyForDeploymentPostprocessing = 0;
		};
		F24B8FFF2E9D0D2C00EF7944 /* Resources */ = {
			isa = PBXResourcesBuildPhase;
			buildActionMask = 2147483647;
			files = (
			);
			runOnlyForDeploymentPostprocessing = 0;
		};
/* End PBXResourcesBuildPhase section */

/* Begin PBXSourcesBuildPhase section */
		F24B8FE62E9D0D2900EF7944 /* Sources */ = {
			isa = PBXSourcesBuildPhase;
			buildActionMask = 2147483647;
			files = (
			);
			runOnlyForDeploymentPostprocessing = 0;
		};
		F24B8FF32E9D0D2B00EF7944 /* Sources */ = {
			isa = PBXSourcesBuildPhase;
			buildActionMask = 2147483647;
			files = (
			);
			runOnlyForDeploymentPostprocessing = 0;
		};
		F24B8FFD2E9D0D2C00EF7944 /* Sources */ = {
			isa = PBXSourcesBuildPhase;
			buildActionMask = 2147483647;
			files = (
			);
			runOnlyForDeploymentPostprocessing = 0;
		};
/* End PBXSourcesBuildPhase section */

/* Begin PBXTargetDependency section */
		F24B8FF92E9D0D2B00EF7944 /* PBXTargetDependency */ = {
			isa = PBXTargetDependency;
			target = F24B8FE92E9D0D2900EF7944 /* MovieBooking */;
			targetProxy = F24B8FF82E9D0D2B00EF7944 /* PBXContainerItemProxy */;
		};
		F24B90032E9D0D2C00EF7944 /* PBXTargetDependency */ = {
			isa = PBXTargetDependency;
			target = F24B8FE92E9D0D2900EF7944 /* MovieBooking */;
			targetProxy = F24B90022E9D0D2C00EF7944 /* PBXContainerItemProxy */;
		};
/* End PBXTargetDependency section */

/* Begin XCBuildConfiguration section */
		F24B90092E9D0D2C00EF7944 /* Debug */ = {
			isa = XCBuildConfiguration;
			baseConfigurationReferenceAnchor = F24B8FEC2E9D0D2900EF7944 /* MovieBooking */;
			baseConfigurationReferenceRelativePath = Config/Dev.xcconfig;
			buildSettings = {
				ALWAYS_SEARCH_USER_PATHS = NO;
				ASSETCATALOG_COMPILER_GENERATE_SWIFT_ASSET_SYMBOL_EXTENSIONS = YES;
				CLANG_ANALYZER_NONNULL = YES;
				CLANG_ANALYZER_NUMBER_OBJECT_CONVERSION = YES_AGGRESSIVE;
				CLANG_CXX_LANGUAGE_STANDARD = "gnu++20";
				CLANG_ENABLE_MODULES = YES;
				CLANG_ENABLE_OBJC_ARC = YES;
				CLANG_ENABLE_OBJC_WEAK = YES;
				CLANG_WARN_BLOCK_CAPTURE_AUTORELEASING = YES;
				CLANG_WARN_BOOL_CONVERSION = YES;
				CLANG_WARN_COMMA = YES;
				CLANG_WARN_CONSTANT_CONVERSION = YES;
				CLANG_WARN_DEPRECATED_OBJC_IMPLEMENTATIONS = YES;
				CLANG_WARN_DIRECT_OBJC_ISA_USAGE = YES_ERROR;
				CLANG_WARN_DOCUMENTATION_COMMENTS = YES;
				CLANG_WARN_EMPTY_BODY = YES;
				CLANG_WARN_ENUM_CONVERSION = YES;
				CLANG_WARN_INFINITE_RECURSION = YES;
				CLANG_WARN_INT_CONVERSION = YES;
				CLANG_WARN_NON_LITERAL_NULL_CONVERSION = YES;
				CLANG_WARN_OBJC_IMPLICIT_RETAIN_SELF = YES;
				CLANG_WARN_OBJC_LITERAL_CONVERSION = YES;
				CLANG_WARN_OBJC_ROOT_CLASS = YES_ERROR;
				CLANG_WARN_QUOTED_INCLUDE_IN_FRAMEWORK_HEADER = YES;
				CLANG_WARN_RANGE_LOOP_ANALYSIS = YES;
				CLANG_WARN_STRICT_PROTOTYPES = YES;
				CLANG_WARN_SUSPICIOUS_MOVE = YES;
				CLANG_WARN_UNGUARDED_AVAILABILITY = YES_AGGRESSIVE;
				CLANG_WARN_UNREACHABLE_CODE = YES;
				CLANG_WARN__DUPLICATE_METHOD_MATCH = YES;
				COPY_PHASE_STRIP = NO;
				DEBUG_INFORMATION_FORMAT = dwarf;
				DEVELOPMENT_TEAM = URUB4S4795;
				ENABLE_STRICT_OBJC_MSGSEND = YES;
				ENABLE_TESTABILITY = YES;
				ENABLE_USER_SCRIPT_SANDBOXING = YES;
				GCC_C_LANGUAGE_STANDARD = gnu17;
				GCC_DYNAMIC_NO_PIC = NO;
				GCC_NO_COMMON_BLOCKS = YES;
				GCC_OPTIMIZATION_LEVEL = 0;
				GCC_PREPROCESSOR_DEFINITIONS = (
					"DEBUG=1",
					"$(inherited)",
				);
				GCC_WARN_64_TO_32_BIT_CONVERSION = YES;
				GCC_WARN_ABOUT_RETURN_TYPE = YES_ERROR;
				GCC_WARN_UNDECLARED_SELECTOR = YES;
				GCC_WARN_UNINITIALIZED_AUTOS = YES_AGGRESSIVE;
				GCC_WARN_UNUSED_FUNCTION = YES;
				GCC_WARN_UNUSED_VARIABLE = YES;
				IPHONEOS_DEPLOYMENT_TARGET = 16.6;
				LOCALIZATION_PREFERS_STRING_CATALOGS = YES;
				MTL_ENABLE_DEBUG_INFO = INCLUDE_SOURCE;
				MTL_FAST_MATH = YES;
				ONLY_ACTIVE_ARCH = YES;
				SDKROOT = iphoneos;
				SWIFT_ACTIVE_COMPILATION_CONDITIONS = "DEBUG $(inherited)";
				SWIFT_OPTIMIZATION_LEVEL = "-Onone";
			};
			name = Debug;
		};
		F24B900A2E9D0D2C00EF7944 /* Release */ = {
			isa = XCBuildConfiguration;
			baseConfigurationReferenceAnchor = F24B8FEC2E9D0D2900EF7944 /* MovieBooking */;
			baseConfigurationReferenceRelativePath = Config/Realse.xcconfig;
			buildSettings = {
				ALWAYS_SEARCH_USER_PATHS = NO;
				ASSETCATALOG_COMPILER_GENERATE_SWIFT_ASSET_SYMBOL_EXTENSIONS = YES;
				CLANG_ANALYZER_NONNULL = YES;
				CLANG_ANALYZER_NUMBER_OBJECT_CONVERSION = YES_AGGRESSIVE;
				CLANG_CXX_LANGUAGE_STANDARD = "gnu++20";
				CLANG_ENABLE_MODULES = YES;
				CLANG_ENABLE_OBJC_ARC = YES;
				CLANG_ENABLE_OBJC_WEAK = YES;
				CLANG_WARN_BLOCK_CAPTURE_AUTORELEASING = YES;
				CLANG_WARN_BOOL_CONVERSION = YES;
				CLANG_WARN_COMMA = YES;
				CLANG_WARN_CONSTANT_CONVERSION = YES;
				CLANG_WARN_DEPRECATED_OBJC_IMPLEMENTATIONS = YES;
				CLANG_WARN_DIRECT_OBJC_ISA_USAGE = YES_ERROR;
				CLANG_WARN_DOCUMENTATION_COMMENTS = YES;
				CLANG_WARN_EMPTY_BODY = YES;
				CLANG_WARN_ENUM_CONVERSION = YES;
				CLANG_WARN_INFINITE_RECURSION = YES;
				CLANG_WARN_INT_CONVERSION = YES;
				CLANG_WARN_NON_LITERAL_NULL_CONVERSION = YES;
				CLANG_WARN_OBJC_IMPLICIT_RETAIN_SELF = YES;
				CLANG_WARN_OBJC_LITERAL_CONVERSION = YES;
				CLANG_WARN_OBJC_ROOT_CLASS = YES_ERROR;
				CLANG_WARN_QUOTED_INCLUDE_IN_FRAMEWORK_HEADER = YES;
				CLANG_WARN_RANGE_LOOP_ANALYSIS = YES;
				CLANG_WARN_STRICT_PROTOTYPES = YES;
				CLANG_WARN_SUSPICIOUS_MOVE = YES;
				CLANG_WARN_UNGUARDED_AVAILABILITY = YES_AGGRESSIVE;
				CLANG_WARN_UNREACHABLE_CODE = YES;
				CLANG_WARN__DUPLICATE_METHOD_MATCH = YES;
				COPY_PHASE_STRIP = NO;
				DEBUG_INFORMATION_FORMAT = "dwarf-with-dsym";
				DEVELOPMENT_TEAM = URUB4S4795;
				ENABLE_NS_ASSERTIONS = NO;
				ENABLE_STRICT_OBJC_MSGSEND = YES;
				ENABLE_USER_SCRIPT_SANDBOXING = YES;
				GCC_C_LANGUAGE_STANDARD = gnu17;
				GCC_NO_COMMON_BLOCKS = YES;
				GCC_WARN_64_TO_32_BIT_CONVERSION = YES;
				GCC_WARN_ABOUT_RETURN_TYPE = YES_ERROR;
				GCC_WARN_UNDECLARED_SELECTOR = YES;
				GCC_WARN_UNINITIALIZED_AUTOS = YES_AGGRESSIVE;
				GCC_WARN_UNUSED_FUNCTION = YES;
				GCC_WARN_UNUSED_VARIABLE = YES;
				IPHONEOS_DEPLOYMENT_TARGET = 16.6;
				LOCALIZATION_PREFERS_STRING_CATALOGS = YES;
				MTL_ENABLE_DEBUG_INFO = NO;
				MTL_FAST_MATH = YES;
				SDKROOT = iphoneos;
				SWIFT_COMPILATION_MODE = wholemodule;
				VALIDATE_PRODUCT = YES;
			};
			name = Release;
		};
		F24B900C2E9D0D2C00EF7944 /* Debug */ = {
			isa = XCBuildConfiguration;
			baseConfigurationReferenceAnchor = F24B8FEC2E9D0D2900EF7944 /* MovieBooking */;
			baseConfigurationReferenceRelativePath = Config/Dev.xcconfig;
			buildSettings = {
				ASSETCATALOG_COMPILER_APPICON_NAME = AppIcon;
				ASSETCATALOG_COMPILER_GLOBAL_ACCENT_COLOR_NAME = AccentColor;
				CODE_SIGN_ENTITLEMENTS = MovieBooking/Resources/MovieBooking.entitlements;
				CODE_SIGN_STYLE = Automatic;
				CURRENT_PROJECT_VERSION = 1;
				DEVELOPMENT_TEAM = N94CS4N6VR;
				ENABLE_PREVIEWS = YES;
				GENERATE_INFOPLIST_FILE = YES;
				INFOPLIST_FILE = MovieBooking/Resources/Info.plist;
				INFOPLIST_KEY_CFBundleDisplayName = TicketSwift;
				INFOPLIST_KEY_UIApplicationSceneManifest_Generation = YES;
				INFOPLIST_KEY_UIApplicationSupportsIndirectInputEvents = YES;
				INFOPLIST_KEY_UILaunchScreen_Generation = YES;
				INFOPLIST_KEY_UISupportedInterfaceOrientations_iPad = "UIInterfaceOrientationPortrait UIInterfaceOrientationPortraitUpsideDown UIInterfaceOrientationLandscapeLeft UIInterfaceOrientationLandscapeRight";
				INFOPLIST_KEY_UISupportedInterfaceOrientations_iPhone = "UIInterfaceOrientationPortrait UIInterfaceOrientationLandscapeLeft UIInterfaceOrientationLandscapeRight";
				INFOPLIST_KEY_UIUserInterfaceStyle = Light;
				IPHONEOS_DEPLOYMENT_TARGET = 16.6;
				LD_RUNPATH_SEARCH_PATHS = (
					"$(inherited)",
					"@executable_path/Frameworks",
				);
				MARKETING_VERSION = 1.0;
				PRODUCT_BUNDLE_IDENTIFIER = com.minhee.MovieBooking;
				PRODUCT_NAME = "$(TARGET_NAME)";
				STRING_CATALOG_GENERATE_SYMBOLS = YES;
				SWIFT_APPROACHABLE_CONCURRENCY = YES;
				SWIFT_DEFAULT_ACTOR_ISOLATION = MainActor;
				SWIFT_EMIT_LOC_STRINGS = YES;
				SWIFT_UPCOMING_FEATURE_MEMBER_IMPORT_VISIBILITY = YES;
				SWIFT_VERSION = 5.0;
				TARGETED_DEVICE_FAMILY = "1,2";
			};
			name = Debug;
		};
		F24B900D2E9D0D2C00EF7944 /* Release */ = {
			isa = XCBuildConfiguration;
			baseConfigurationReferenceAnchor = F24B8FEC2E9D0D2900EF7944 /* MovieBooking */;
			baseConfigurationReferenceRelativePath = Config/Realse.xcconfig;
			buildSettings = {
				ASSETCATALOG_COMPILER_APPICON_NAME = AppIcon;
				ASSETCATALOG_COMPILER_GLOBAL_ACCENT_COLOR_NAME = AccentColor;
				CODE_SIGN_ENTITLEMENTS = MovieBooking/Resources/MovieBooking.entitlements;
				CODE_SIGN_STYLE = Automatic;
				CURRENT_PROJECT_VERSION = 1;
				DEVELOPMENT_TEAM = N94CS4N6VR;
				ENABLE_PREVIEWS = YES;
				GENERATE_INFOPLIST_FILE = YES;
				INFOPLIST_FILE = MovieBooking/Resources/Info.plist;
				INFOPLIST_KEY_CFBundleDisplayName = TicketSwift;
				INFOPLIST_KEY_UIApplicationSceneManifest_Generation = YES;
				INFOPLIST_KEY_UIApplicationSupportsIndirectInputEvents = YES;
				INFOPLIST_KEY_UILaunchScreen_Generation = YES;
				INFOPLIST_KEY_UISupportedInterfaceOrientations_iPad = "UIInterfaceOrientationPortrait UIInterfaceOrientationPortraitUpsideDown UIInterfaceOrientationLandscapeLeft UIInterfaceOrientationLandscapeRight";
				INFOPLIST_KEY_UISupportedInterfaceOrientations_iPhone = "UIInterfaceOrientationPortrait UIInterfaceOrientationLandscapeLeft UIInterfaceOrientationLandscapeRight";
				INFOPLIST_KEY_UIUserInterfaceStyle = Light;
				IPHONEOS_DEPLOYMENT_TARGET = 16.6;
				LD_RUNPATH_SEARCH_PATHS = (
					"$(inherited)",
					"@executable_path/Frameworks",
				);
				MARKETING_VERSION = 1.0;
				PRODUCT_BUNDLE_IDENTIFIER = com.minhee.MovieBooking;
				PRODUCT_NAME = "$(TARGET_NAME)";
				STRING_CATALOG_GENERATE_SYMBOLS = YES;
				SWIFT_APPROACHABLE_CONCURRENCY = YES;
				SWIFT_DEFAULT_ACTOR_ISOLATION = MainActor;
				SWIFT_EMIT_LOC_STRINGS = YES;
				SWIFT_UPCOMING_FEATURE_MEMBER_IMPORT_VISIBILITY = YES;
				SWIFT_VERSION = 5.0;
				TARGETED_DEVICE_FAMILY = "1,2";
			};
			name = Release;
		};
		F24B900F2E9D0D2C00EF7944 /* Debug */ = {
			isa = XCBuildConfiguration;
			baseConfigurationReferenceAnchor = F24B8FEC2E9D0D2900EF7944 /* MovieBooking */;
			baseConfigurationReferenceRelativePath = Config/Dev.xcconfig;
			buildSettings = {
				BUNDLE_LOADER = "$(TEST_HOST)";
				CODE_SIGN_STYLE = Automatic;
				CURRENT_PROJECT_VERSION = 1;
				DEVELOPMENT_TEAM = URUB4S4795;
				GENERATE_INFOPLIST_FILE = YES;
				IPHONEOS_DEPLOYMENT_TARGET = 18.0;
				MARKETING_VERSION = 1.0;
				PRODUCT_BUNDLE_IDENTIFIER = com.minhee.MovieBookingTests;
				PRODUCT_NAME = "$(TARGET_NAME)";
				STRING_CATALOG_GENERATE_SYMBOLS = NO;
				SWIFT_APPROACHABLE_CONCURRENCY = YES;
				SWIFT_EMIT_LOC_STRINGS = NO;
				SWIFT_UPCOMING_FEATURE_MEMBER_IMPORT_VISIBILITY = YES;
				SWIFT_VERSION = 5.0;
				TARGETED_DEVICE_FAMILY = "1,2";
				TEST_HOST = "$(BUILT_PRODUCTS_DIR)/MovieBooking.app/$(BUNDLE_EXECUTABLE_FOLDER_PATH)/MovieBooking";
			};
			name = Debug;
		};
		F24B90102E9D0D2C00EF7944 /* Release */ = {
			isa = XCBuildConfiguration;
			baseConfigurationReferenceAnchor = F24B8FEC2E9D0D2900EF7944 /* MovieBooking */;
			baseConfigurationReferenceRelativePath = Config/Realse.xcconfig;
			buildSettings = {
				BUNDLE_LOADER = "$(TEST_HOST)";
				CODE_SIGN_STYLE = Automatic;
				CURRENT_PROJECT_VERSION = 1;
				DEVELOPMENT_TEAM = URUB4S4795;
				GENERATE_INFOPLIST_FILE = YES;
				IPHONEOS_DEPLOYMENT_TARGET = 18.0;
				MARKETING_VERSION = 1.0;
				PRODUCT_BUNDLE_IDENTIFIER = com.minhee.MovieBookingTests;
				PRODUCT_NAME = "$(TARGET_NAME)";
				STRING_CATALOG_GENERATE_SYMBOLS = NO;
				SWIFT_APPROACHABLE_CONCURRENCY = YES;
				SWIFT_EMIT_LOC_STRINGS = NO;
				SWIFT_UPCOMING_FEATURE_MEMBER_IMPORT_VISIBILITY = YES;
				SWIFT_VERSION = 5.0;
				TARGETED_DEVICE_FAMILY = "1,2";
				TEST_HOST = "$(BUILT_PRODUCTS_DIR)/MovieBooking.app/$(BUNDLE_EXECUTABLE_FOLDER_PATH)/MovieBooking";
			};
			name = Release;
		};
		F24B90122E9D0D2C00EF7944 /* Debug */ = {
			isa = XCBuildConfiguration;
			baseConfigurationReferenceAnchor = F24B8FEC2E9D0D2900EF7944 /* MovieBooking */;
			baseConfigurationReferenceRelativePath = Config/Dev.xcconfig;
			buildSettings = {
				CODE_SIGN_STYLE = Automatic;
				CURRENT_PROJECT_VERSION = 1;
				DEVELOPMENT_TEAM = URUB4S4795;
				GENERATE_INFOPLIST_FILE = YES;
				MARKETING_VERSION = 1.0;
				PRODUCT_BUNDLE_IDENTIFIER = com.minhee.MovieBookingUITests;
				PRODUCT_NAME = "$(TARGET_NAME)";
				STRING_CATALOG_GENERATE_SYMBOLS = NO;
				SWIFT_APPROACHABLE_CONCURRENCY = YES;
				SWIFT_EMIT_LOC_STRINGS = NO;
				SWIFT_UPCOMING_FEATURE_MEMBER_IMPORT_VISIBILITY = YES;
				SWIFT_VERSION = 5.0;
				TARGETED_DEVICE_FAMILY = "1,2";
				TEST_TARGET_NAME = MovieBooking;
			};
			name = Debug;
		};
		F24B90132E9D0D2C00EF7944 /* Release */ = {
			isa = XCBuildConfiguration;
			baseConfigurationReferenceAnchor = F24B8FEC2E9D0D2900EF7944 /* MovieBooking */;
			baseConfigurationReferenceRelativePath = Config/Realse.xcconfig;
			buildSettings = {
				CODE_SIGN_STYLE = Automatic;
				CURRENT_PROJECT_VERSION = 1;
				DEVELOPMENT_TEAM = URUB4S4795;
				GENERATE_INFOPLIST_FILE = YES;
				MARKETING_VERSION = 1.0;
				PRODUCT_BUNDLE_IDENTIFIER = com.minhee.MovieBookingUITests;
				PRODUCT_NAME = "$(TARGET_NAME)";
				STRING_CATALOG_GENERATE_SYMBOLS = NO;
				SWIFT_APPROACHABLE_CONCURRENCY = YES;
				SWIFT_EMIT_LOC_STRINGS = NO;
				SWIFT_UPCOMING_FEATURE_MEMBER_IMPORT_VISIBILITY = YES;
				SWIFT_VERSION = 5.0;
				TARGETED_DEVICE_FAMILY = "1,2";
				TEST_TARGET_NAME = MovieBooking;
			};
			name = Release;
		};
/* End XCBuildConfiguration section */

/* Begin XCConfigurationList section */
		F24B8FE52E9D0D2900EF7944 /* Build configuration list for PBXProject "MovieBooking" */ = {
			isa = XCConfigurationList;
			buildConfigurations = (
				F24B90092E9D0D2C00EF7944 /* Debug */,
				F24B900A2E9D0D2C00EF7944 /* Release */,
			);
			defaultConfigurationIsVisible = 0;
			defaultConfigurationName = Release;
		};
		F24B900B2E9D0D2C00EF7944 /* Build configuration list for PBXNativeTarget "MovieBooking" */ = {
			isa = XCConfigurationList;
			buildConfigurations = (
				F24B900C2E9D0D2C00EF7944 /* Debug */,
				F24B900D2E9D0D2C00EF7944 /* Release */,
			);
			defaultConfigurationIsVisible = 0;
			defaultConfigurationName = Release;
		};
		F24B900E2E9D0D2C00EF7944 /* Build configuration list for PBXNativeTarget "MovieBookingTests" */ = {
			isa = XCConfigurationList;
			buildConfigurations = (
				F24B900F2E9D0D2C00EF7944 /* Debug */,
				F24B90102E9D0D2C00EF7944 /* Release */,
			);
			defaultConfigurationIsVisible = 0;
			defaultConfigurationName = Release;
		};
		F24B90112E9D0D2C00EF7944 /* Build configuration list for PBXNativeTarget "MovieBookingUITests" */ = {
			isa = XCConfigurationList;
			buildConfigurations = (
				F24B90122E9D0D2C00EF7944 /* Debug */,
				F24B90132E9D0D2C00EF7944 /* Release */,
			);
			defaultConfigurationIsVisible = 0;
			defaultConfigurationName = Release;
		};
/* End XCConfigurationList section */

/* Begin XCRemoteSwiftPackageReference section */
		7F6F8B412E9D27850046FA0E /* XCRemoteSwiftPackageReference "supabase-swift" */ = {
			isa = XCRemoteSwiftPackageReference;
			repositoryURL = "https://github.com/supabase/supabase-swift.git";
			requirement = {
				kind = upToNextMajorVersion;
				minimumVersion = 2.5.1;
			};
		};
		7F6F8B462E9D279B0046FA0E /* XCRemoteSwiftPackageReference "WeaveDI" */ = {
			isa = XCRemoteSwiftPackageReference;
			repositoryURL = "https://github.com/Roy-wonji/WeaveDI";
			requirement = {
				kind = upToNextMajorVersion;
				minimumVersion = 3.3.1;
			};
		};
		F24B91D32E9D1A5800EF7944 /* XCRemoteSwiftPackageReference "swift-composable-architecture" */ = {
			isa = XCRemoteSwiftPackageReference;
			repositoryURL = "https://github.com/pointfreeco/swift-composable-architecture";
			requirement = {
				kind = upToNextMajorVersion;
				minimumVersion = 1.22.3;
			};
		};
		F24B91D62E9D1A8B00EF7944 /* XCRemoteSwiftPackageReference "TCACoordinators" */ = {
			isa = XCRemoteSwiftPackageReference;
			repositoryURL = "https://github.com/johnpatrickmorgan/TCACoordinators";
			requirement = {
				kind = upToNextMajorVersion;
				minimumVersion = 0.13.0;
			};
		};
/* End XCRemoteSwiftPackageReference section */

/* Begin XCSwiftPackageProductDependency section */
		7F6F8B422E9D27850046FA0E /* Auth */ = {
			isa = XCSwiftPackageProductDependency;
			package = 7F6F8B412E9D27850046FA0E /* XCRemoteSwiftPackageReference "supabase-swift" */;
			productName = Auth;
		};
		7F6F8B442E9D27850046FA0E /* Supabase */ = {
			isa = XCSwiftPackageProductDependency;
			package = 7F6F8B412E9D27850046FA0E /* XCRemoteSwiftPackageReference "supabase-swift" */;
			productName = Supabase;
		};
		7F6F8B472E9D279B0046FA0E /* WeaveDI */ = {
			isa = XCSwiftPackageProductDependency;
			package = 7F6F8B462E9D279B0046FA0E /* XCRemoteSwiftPackageReference "WeaveDI" */;
			productName = WeaveDI;
		};
		F24B91D42E9D1A5800EF7944 /* ComposableArchitecture */ = {
			isa = XCSwiftPackageProductDependency;
			package = F24B91D32E9D1A5800EF7944 /* XCRemoteSwiftPackageReference "swift-composable-architecture" */;
			productName = ComposableArchitecture;
		};
		F24B91D72E9D1A8B00EF7944 /* TCACoordinators */ = {
			isa = XCSwiftPackageProductDependency;
			package = F24B91D62E9D1A8B00EF7944 /* XCRemoteSwiftPackageReference "TCACoordinators" */;
			productName = TCACoordinators;
		};
/* End XCSwiftPackageProductDependency section */
	};
	rootObject = F24B8FE22E9D0D2900EF7944 /* Project object */;
}
